
Microsoft Visual Studio Solution File, Format Version 12.00
# Visual Studio Version 17
VisualStudioVersion = 17.3.32811.315
MinimumVisualStudioVersion = 10.0.40219.1
Project("{9A19103F-16F7-4668-BE54-9A1E7A4F7556}") = "LootLib", "LootLib.csproj", "{3E192010-8F87-4BD9-A685-EFB2A383960B}"
EndProject
Global
	GlobalSection(SolutionConfigurationPlatforms) = preSolution
		Debug|Any CPU = Debug|Any CPU
		Release|Any CPU = Release|Any CPU
	EndGlobalSection
	GlobalSection(ProjectConfigurationPlatforms) = postSolution
		{3E192010-8F87-4BD9-A685-EFB2A383960B}.Debug|Any CPU.ActiveCfg = Debug|Any CPU
		{3E192010-8F87-4BD9-A685-EFB2A383960B}.Debug|Any CPU.Build.0 = Debug|Any CPU
		{3E192010-8F87-4BD9-A685-EFB2A383960B}.Release|Any CPU.ActiveCfg = Release|Any CPU
		{3E192010-8F87-4BD9-A685-EFB2A383960B}.Release|Any CPU.Build.0 = Release|Any CPU
	EndGlobalSection
	GlobalSection(SolutionProperties) = preSolution
		HideSolutionNode = FALSE
	EndGlobalSection
	GlobalSection(ExtensibilityGlobals) = postSolution
		SolutionGuid = {54D8E219-891A-4078-A9C4-E980F9899935}
	EndGlobalSection
EndGlobal
